
Microsoft Visual Studio Solution File, Format Version 12.00
# Visual Studio 15
VisualStudioVersion = 15.0.28307.271
MinimumVisualStudioVersion = 10.0.40219.1
Project("{8BC9CEB8-8B4A-11D0-8D11-00A0C91BC942}") = "myRSA", "myRSA\myRSA.vcxproj", "{AA7482CF-F101-4B42-AF5C-05EAAAD18B58}"
EndProject
Global
	GlobalSection(SolutionConfigurationPlatforms) = preSolution
		Debug|x64 = Debug|x64
		Debug|x86 = Debug|x86
		Release|x64 = Release|x64
		Release|x86 = Release|x86
	EndGlobalSection
	GlobalSection(ProjectConfigurationPlatforms) = postSolution
		{AA7482CF-F101-4B42-AF5C-05EAAAD18B58}.Debug|x64.ActiveCfg = Debug|x64
		{AA7482CF-F101-4B42-AF5C-05EAAAD18B58}.Debug|x64.Build.0 = Debug|x64
		{AA7482CF-F101-4B42-AF5C-05EAAAD18B58}.Debug|x86.ActiveCfg = Debug|Win32
		{AA7482CF-F101-4B42-AF5C-05EAAAD18B58}.Debug|x86.Build.0 = Debug|Win32
		{AA7482CF-F101-4B42-AF5C-05EAAAD18B58}.Release|x64.ActiveCfg = Release|x64
		{AA7482CF-F101-4B42-AF5C-05EAAAD18B58}.Release|x64.Build.0 = Release|x64
		{AA7482CF-F101-4B42-AF5C-05EAAAD18B58}.Release|x86.ActiveCfg = Release|Win32
		{AA7482CF-F101-4B42-AF5C-05EAAAD18B58}.Release|x86.Build.0 = Release|Win32
	EndGlobalSection
	GlobalSection(SolutionProperties) = preSolution
		HideSolutionNode = FALSE
	EndGlobalSection
	GlobalSection(ExtensibilityGlobals) = postSolution
		SolutionGuid = {3D5F090D-951C-4720-8395-34A36F8FC45B}
	EndGlobalSection
EndGlobal
